<?xml version="1.0" encoding="UTF-8" standalone="yes" ?>
<CodeBlocks_project_file>
	<FileVersion major="1" minor="6" />
	<Project>
		<Option title="DtwTest" />
		<Option pch_mode="2" />
		<Option compiler="gcc" />
		<Build>
			<Target title="Debug">
				<Option output="bin/Debug/DtwTest" prefix_auto="1" extension_auto="1" />
				<Option object_output="obj/Debug/" />
				<Option type="1" />
				<Option compiler="gcc" />
				<Compiler>
					<Add option="-g" />
				</Compiler>
			</Target>
			<Target title="Release">
				<Option output="bin/Release/DtwTest" prefix_auto="1" extension_auto="1" />
				<Option object_output="obj/Release/" />
				<Option type="1" />
				<Option compiler="gcc" />
				<Compiler>
					<Add option="-O2" />
				</Compiler>
				<Linker>
					<Add option="-s" />
				</Linker>
			</Target>
		</Build>
		<Compiler>
			<Add option="-Wall" />
		</Compiler>
		<Unit filename="DTWTrainingData.txt" />
		<Unit filename="GRT/ClassificationModules/ANBC/ANBC.cpp" />
		<Unit filename="GRT/ClassificationModules/ANBC/ANBC.h" />
		<Unit filename="GRT/ClassificationModules/ANBC/ANBC_Model.cpp" />
		<Unit filename="GRT/ClassificationModules/ANBC/ANBC_Model.h" />
		<Unit filename="GRT/ClassificationModules/AdaBoost/AdaBoost.cpp" />
		<Unit filename="GRT/ClassificationModules/AdaBoost/AdaBoost.h" />
		<Unit filename="GRT/ClassificationModules/AdaBoost/AdaBoostClassModel.h" />
		<Unit filename="GRT/ClassificationModules/AdaBoost/WeakClassifiers/DecisionStump.cpp" />
		<Unit filename="GRT/ClassificationModules/AdaBoost/WeakClassifiers/DecisionStump.h" />
		<Unit filename="GRT/ClassificationModules/AdaBoost/WeakClassifiers/RadialBasisFunction.cpp" />
		<Unit filename="GRT/ClassificationModules/AdaBoost/WeakClassifiers/RadialBasisFunction.h" />
		<Unit filename="GRT/ClassificationModules/AdaBoost/WeakClassifiers/WeakClassifier.cpp" />
		<Unit filename="GRT/ClassificationModules/AdaBoost/WeakClassifiers/WeakClassifier.h" />
		<Unit filename="GRT/ClassificationModules/BAG/BAG.cpp" />
		<Unit filename="GRT/ClassificationModules/BAG/BAG.h" />
		<Unit filename="GRT/ClassificationModules/DTW/DTW.cpp" />
		<Unit filename="GRT/ClassificationModules/DTW/DTW.h" />
		<Unit filename="GRT/ClassificationModules/DecisionTree/DecisionTree.cpp" />
		<Unit filename="GRT/ClassificationModules/DecisionTree/DecisionTree.h" />
		<Unit filename="GRT/ClassificationModules/DecisionTree/DecisionTreeClusterNode.cpp" />
		<Unit filename="GRT/ClassificationModules/DecisionTree/DecisionTreeClusterNode.h" />
		<Unit filename="GRT/ClassificationModules/DecisionTree/DecisionTreeNode.cpp" />
		<Unit filename="GRT/ClassificationModules/DecisionTree/DecisionTreeNode.h" />
		<Unit filename="GRT/ClassificationModules/DecisionTree/DecisionTreeThresholdNode.cpp" />
		<Unit filename="GRT/ClassificationModules/DecisionTree/DecisionTreeThresholdNode.h" />
		<Unit filename="GRT/ClassificationModules/DecisionTree/DecisionTreeTripleFeatureNode.cpp" />
		<Unit filename="GRT/ClassificationModules/DecisionTree/DecisionTreeTripleFeatureNode.h" />
		<Unit filename="GRT/ClassificationModules/FiniteStateMachine/FSMParticle.h" />
		<Unit filename="GRT/ClassificationModules/FiniteStateMachine/FSMParticleFilter.h" />
		<Unit filename="GRT/ClassificationModules/FiniteStateMachine/FiniteStateMachine.cpp" />
		<Unit filename="GRT/ClassificationModules/FiniteStateMachine/FiniteStateMachine.h" />
		<Unit filename="GRT/ClassificationModules/GMM/GMM.cpp" />
		<Unit filename="GRT/ClassificationModules/GMM/GMM.h" />
		<Unit filename="GRT/ClassificationModules/GMM/MixtureModel.h" />
		<Unit filename="GRT/ClassificationModules/HMM/ContinuousHiddenMarkovModel.cpp" />
		<Unit filename="GRT/ClassificationModules/HMM/ContinuousHiddenMarkovModel.h" />
		<Unit filename="GRT/ClassificationModules/HMM/DiscreteHiddenMarkovModel.cpp" />
		<Unit filename="GRT/ClassificationModules/HMM/DiscreteHiddenMarkovModel.h" />
		<Unit filename="GRT/ClassificationModules/HMM/HMM.cpp" />
		<Unit filename="GRT/ClassificationModules/HMM/HMM.h" />
		<Unit filename="GRT/ClassificationModules/HMM/HMMEnums.h" />
		<Unit filename="GRT/ClassificationModules/KNN/KNN.cpp" />
		<Unit filename="GRT/ClassificationModules/KNN/KNN.h" />
		<Unit filename="GRT/ClassificationModules/LDA/LDA.cpp" />
		<Unit filename="GRT/ClassificationModules/LDA/LDA.h" />
		<Unit filename="GRT/ClassificationModules/MinDist/MinDist.cpp" />
		<Unit filename="GRT/ClassificationModules/MinDist/MinDist.h" />
		<Unit filename="GRT/ClassificationModules/MinDist/MinDistModel.cpp" />
		<Unit filename="GRT/ClassificationModules/MinDist/MinDistModel.h" />
		<Unit filename="GRT/ClassificationModules/ParticleClassifier/ParticleClassifier.cpp" />
		<Unit filename="GRT/ClassificationModules/ParticleClassifier/ParticleClassifier.h" />
		<Unit filename="GRT/ClassificationModules/ParticleClassifier/ParticleClassifierParticleFilter.h" />
		<Unit filename="GRT/ClassificationModules/RandomForests/RandomForests.cpp" />
		<Unit filename="GRT/ClassificationModules/RandomForests/RandomForests.h" />
		<Unit filename="GRT/ClassificationModules/SVM/LIBSVM/libsvm.cpp" />
		<Unit filename="GRT/ClassificationModules/SVM/LIBSVM/libsvm.h" />
		<Unit filename="GRT/ClassificationModules/SVM/SVM.cpp" />
		<Unit filename="GRT/ClassificationModules/SVM/SVM.h" />
		<Unit filename="GRT/ClassificationModules/Softmax/Softmax.cpp" />
		<Unit filename="GRT/ClassificationModules/Softmax/Softmax.h" />
		<Unit filename="GRT/ClassificationModules/Softmax/SoftmaxModel.h" />
		<Unit filename="GRT/ClassificationModules/SwipeDetector/SwipeDetector.cpp" />
		<Unit filename="GRT/ClassificationModules/SwipeDetector/SwipeDetector.h" />
		<Unit filename="GRT/ClusteringModules/ClusterTree/ClusterTree.cpp" />
		<Unit filename="GRT/ClusteringModules/ClusterTree/ClusterTree.h" />
		<Unit filename="GRT/ClusteringModules/ClusterTree/ClusterTreeNode.h" />
		<Unit filename="GRT/ClusteringModules/GaussianMixtureModels/GaussianMixtureModels.cpp" />
		<Unit filename="GRT/ClusteringModules/GaussianMixtureModels/GaussianMixtureModels.h" />
		<Unit filename="GRT/ClusteringModules/HierarchicalClustering/HierarchicalClustering.cpp" />
		<Unit filename="GRT/ClusteringModules/HierarchicalClustering/HierarchicalClustering.h" />
		<Unit filename="GRT/ClusteringModules/KMeans/KMeans.cpp" />
		<Unit filename="GRT/ClusteringModules/KMeans/KMeans.h" />
		<Unit filename="GRT/ClusteringModules/SelfOrganizingMap/SelfOrganizingMap.cpp" />
		<Unit filename="GRT/ClusteringModules/SelfOrganizingMap/SelfOrganizingMap.h" />
		<Unit filename="GRT/ContextModules/Gate.cpp" />
		<Unit filename="GRT/ContextModules/Gate.h" />
		<Unit filename="GRT/CoreAlgorithms/BernoulliRBM/BernoulliRBM.cpp" />
		<Unit filename="GRT/CoreAlgorithms/BernoulliRBM/BernoulliRBM.h" />
		<Unit filename="GRT/CoreAlgorithms/EvolutionaryAlgorithm/EvolutionaryAlgorithm.h" />
		<Unit filename="GRT/CoreAlgorithms/EvolutionaryAlgorithm/Individual.h" />
		<Unit filename="GRT/CoreAlgorithms/GridSearch/GridSearch.h" />
		<Unit filename="GRT/CoreAlgorithms/LeastSquares/LinearLeastSquares.h" />
		<Unit filename="GRT/CoreAlgorithms/MeanShift/MeanShift.h" />
		<Unit filename="GRT/CoreAlgorithms/MovementDetector/MovementDetector.cpp" />
		<Unit filename="GRT/CoreAlgorithms/MovementDetector/MovementDetector.h" />
		<Unit filename="GRT/CoreAlgorithms/ParticleFilter/Particle.h" />
		<Unit filename="GRT/CoreAlgorithms/ParticleFilter/ParticleFilter.h" />
		<Unit filename="GRT/CoreAlgorithms/ParticleSwarmOptimization/PSOParticle.h" />
		<Unit filename="GRT/CoreAlgorithms/ParticleSwarmOptimization/ParticleSwarmOptimization.h" />
		<Unit filename="GRT/CoreAlgorithms/PrincipalComponentAnalysis/PrincipalComponentAnalysis.cpp" />
		<Unit filename="GRT/CoreAlgorithms/PrincipalComponentAnalysis/PrincipalComponentAnalysis.h" />
		<Unit filename="GRT/CoreAlgorithms/Tree/Node.cpp" />
		<Unit filename="GRT/CoreAlgorithms/Tree/Node.h" />
		<Unit filename="GRT/CoreAlgorithms/Tree/Tree.cpp" />
		<Unit filename="GRT/CoreAlgorithms/Tree/Tree.h" />
		<Unit filename="GRT/CoreModules/Classifier.cpp" />
		<Unit filename="GRT/CoreModules/Classifier.h" />
		<Unit filename="GRT/CoreModules/Clusterer.cpp" />
		<Unit filename="GRT/CoreModules/Clusterer.h" />
		<Unit filename="GRT/CoreModules/Context.cpp" />
		<Unit filename="GRT/CoreModules/Context.h" />
		<Unit filename="GRT/CoreModules/FeatureExtraction.cpp" />
		<Unit filename="GRT/CoreModules/FeatureExtraction.h" />
		<Unit filename="GRT/CoreModules/GRTBase.cpp" />
		<Unit filename="GRT/CoreModules/GRTBase.h" />
		<Unit filename="GRT/CoreModules/GestureRecognitionPipeline.cpp" />
		<Unit filename="GRT/CoreModules/GestureRecognitionPipeline.h" />
		<Unit filename="GRT/CoreModules/MLBase.cpp" />
		<Unit filename="GRT/CoreModules/MLBase.h" />
		<Unit filename="GRT/CoreModules/PostProcessing.cpp" />
		<Unit filename="GRT/CoreModules/PostProcessing.h" />
		<Unit filename="GRT/CoreModules/PreProcessing.cpp" />
		<Unit filename="GRT/CoreModules/PreProcessing.h" />
		<Unit filename="GRT/CoreModules/Regressifier.cpp" />
		<Unit filename="GRT/CoreModules/Regressifier.h" />
		<Unit filename="GRT/DataStructures/ClassificationData.cpp" />
		<Unit filename="GRT/DataStructures/ClassificationData.h" />
		<Unit filename="GRT/DataStructures/ClassificationSample.cpp" />
		<Unit filename="GRT/DataStructures/ClassificationSample.h" />
		<Unit filename="GRT/DataStructures/RegressionData.cpp" />
		<Unit filename="GRT/DataStructures/RegressionData.h" />
		<Unit filename="GRT/DataStructures/RegressionSample.cpp" />
		<Unit filename="GRT/DataStructures/RegressionSample.h" />
		<Unit filename="GRT/DataStructures/TimeSeriesClassificationData.cpp" />
		<Unit filename="GRT/DataStructures/TimeSeriesClassificationData.h" />
		<Unit filename="GRT/DataStructures/TimeSeriesClassificationDataStream.cpp" />
		<Unit filename="GRT/DataStructures/TimeSeriesClassificationDataStream.h" />
		<Unit filename="GRT/DataStructures/TimeSeriesClassificationSample.cpp" />
		<Unit filename="GRT/DataStructures/TimeSeriesClassificationSample.h" />
		<Unit filename="GRT/DataStructures/TimeSeriesPositionTracker.h" />
		<Unit filename="GRT/DataStructures/UnlabelledData.cpp" />
		<Unit filename="GRT/DataStructures/UnlabelledData.h" />
		<Unit filename="GRT/FeatureExtractionModules/FFT/FFT.cpp" />
		<Unit filename="GRT/FeatureExtractionModules/FFT/FFT.h" />
		<Unit filename="GRT/FeatureExtractionModules/FFT/FFTFeatures.cpp" />
		<Unit filename="GRT/FeatureExtractionModules/FFT/FFTFeatures.h" />
		<Unit filename="GRT/FeatureExtractionModules/FFT/FastFourierTransform.cpp" />
		<Unit filename="GRT/FeatureExtractionModules/FFT/FastFourierTransform.h" />
		<Unit filename="GRT/FeatureExtractionModules/KMeansFeatures/KMeansFeatures.cpp" />
		<Unit filename="GRT/FeatureExtractionModules/KMeansFeatures/KMeansFeatures.h" />
		<Unit filename="GRT/FeatureExtractionModules/KMeansQuantizer/KMeansQuantizer.cpp" />
		<Unit filename="GRT/FeatureExtractionModules/KMeansQuantizer/KMeansQuantizer.h" />
		<Unit filename="GRT/FeatureExtractionModules/MovementIndex/MovementIndex.cpp" />
		<Unit filename="GRT/FeatureExtractionModules/MovementIndex/MovementIndex.h" />
		<Unit filename="GRT/FeatureExtractionModules/MovementTrajectoryFeatures/MovementTrajectoryFeatures.cpp" />
		<Unit filename="GRT/FeatureExtractionModules/MovementTrajectoryFeatures/MovementTrajectoryFeatures.h" />
		<Unit filename="GRT/FeatureExtractionModules/RBMQuantizer/RBMQuantizer.cpp" />
		<Unit filename="GRT/FeatureExtractionModules/RBMQuantizer/RBMQuantizer.h" />
		<Unit filename="GRT/FeatureExtractionModules/SOMQuantizer/SOMQuantizer.cpp" />
		<Unit filename="GRT/FeatureExtractionModules/SOMQuantizer/SOMQuantizer.h" />
		<Unit filename="GRT/FeatureExtractionModules/TimeDomainFeatures/TimeDomainFeatures.cpp" />
		<Unit filename="GRT/FeatureExtractionModules/TimeDomainFeatures/TimeDomainFeatures.h" />
		<Unit filename="GRT/FeatureExtractionModules/TimeseriesBuffer/TimeseriesBuffer.cpp" />
		<Unit filename="GRT/FeatureExtractionModules/TimeseriesBuffer/TimeseriesBuffer.h" />
		<Unit filename="GRT/FeatureExtractionModules/ZeroCrossingCounter/ZeroCrossingCounter.cpp" />
		<Unit filename="GRT/FeatureExtractionModules/ZeroCrossingCounter/ZeroCrossingCounter.h" />
		<Unit filename="GRT/GRT.h" />
		<Unit filename="GRT/PostProcessingModules/ClassLabelChangeFilter.cpp" />
		<Unit filename="GRT/PostProcessingModules/ClassLabelChangeFilter.h" />
		<Unit filename="GRT/PostProcessingModules/ClassLabelFilter.cpp" />
		<Unit filename="GRT/PostProcessingModules/ClassLabelFilter.h" />
		<Unit filename="GRT/PostProcessingModules/ClassLabelTimeoutFilter.cpp" />
		<Unit filename="GRT/PostProcessingModules/ClassLabelTimeoutFilter.h" />
		<Unit filename="GRT/PreProcessingModules/DeadZone.cpp" />
		<Unit filename="GRT/PreProcessingModules/DeadZone.h" />
		<Unit filename="GRT/PreProcessingModules/Derivative.cpp" />
		<Unit filename="GRT/PreProcessingModules/Derivative.h" />
		<Unit filename="GRT/PreProcessingModules/DoubleMovingAverageFilter.cpp" />
		<Unit filename="GRT/PreProcessingModules/DoubleMovingAverageFilter.h" />
		<Unit filename="GRT/PreProcessingModules/FIRFilter.cpp" />
		<Unit filename="GRT/PreProcessingModules/FIRFilter.h" />
		<Unit filename="GRT/PreProcessingModules/HighPassFilter.cpp" />
		<Unit filename="GRT/PreProcessingModules/HighPassFilter.h" />
		<Unit filename="GRT/PreProcessingModules/LeakyIntegrator.cpp" />
		<Unit filename="GRT/PreProcessingModules/LeakyIntegrator.h" />
		<Unit filename="GRT/PreProcessingModules/LowPassFilter.cpp" />
		<Unit filename="GRT/PreProcessingModules/LowPassFilter.h" />
		<Unit filename="GRT/PreProcessingModules/MedianFilter.cpp" />
		<Unit filename="GRT/PreProcessingModules/MedianFilter.h" />
		<Unit filename="GRT/PreProcessingModules/MovingAverageFilter.cpp" />
		<Unit filename="GRT/PreProcessingModules/MovingAverageFilter.h" />
		<Unit filename="GRT/PreProcessingModules/SavitzkyGolayFilter.cpp" />
		<Unit filename="GRT/PreProcessingModules/SavitzkyGolayFilter.h" />
		<Unit filename="GRT/RegressionModules/ArtificialNeuralNetworks/MLP/MLP.cpp" />
		<Unit filename="GRT/RegressionModules/ArtificialNeuralNetworks/MLP/MLP.h" />
		<Unit filename="GRT/RegressionModules/ArtificialNeuralNetworks/MLP/Neuron.cpp" />
		<Unit filename="GRT/RegressionModules/ArtificialNeuralNetworks/MLP/Neuron.h" />
		<Unit filename="GRT/RegressionModules/LinearRegression/LinearRegression.cpp" />
		<Unit filename="GRT/RegressionModules/LinearRegression/LinearRegression.h" />
		<Unit filename="GRT/RegressionModules/LogisticRegression/LogisticRegression.cpp" />
		<Unit filename="GRT/RegressionModules/LogisticRegression/LogisticRegression.h" />
		<Unit filename="GRT/RegressionModules/MultidimensionalRegression/MultidimensionalRegression.cpp" />
		<Unit filename="GRT/RegressionModules/MultidimensionalRegression/MultidimensionalRegression.h" />
		<Unit filename="GRT/RegressionModules/RegressionTree/RegressionTree.cpp" />
		<Unit filename="GRT/RegressionModules/RegressionTree/RegressionTree.h" />
		<Unit filename="GRT/RegressionModules/RegressionTree/RegressionTreeNode.h" />
		<Unit filename="GRT/Util/Cholesky.cpp" />
		<Unit filename="GRT/Util/Cholesky.h" />
		<Unit filename="GRT/Util/CircularBuffer.h" />
		<Unit filename="GRT/Util/ClassTracker.h" />
		<Unit filename="GRT/Util/ClassificationResult.h" />
		<Unit filename="GRT/Util/CommandLineParser.h" />
		<Unit filename="GRT/Util/DebugLog.cpp" />
		<Unit filename="GRT/Util/DebugLog.h" />
		<Unit filename="GRT/Util/EigenvalueDecomposition.cpp" />
		<Unit filename="GRT/Util/EigenvalueDecomposition.h" />
		<Unit filename="GRT/Util/ErrorLog.cpp" />
		<Unit filename="GRT/Util/ErrorLog.h" />
		<Unit filename="GRT/Util/FileParser.h" />
		<Unit filename="GRT/Util/GRTCommon.h" />
		<Unit filename="GRT/Util/GRTException.h" />
		<Unit filename="GRT/Util/GRTTypedefs.h" />
		<Unit filename="GRT/Util/GRTVersionInfo.h" />
		<Unit filename="GRT/Util/IndexedDouble.h" />
		<Unit filename="GRT/Util/InfoLog.cpp" />
		<Unit filename="GRT/Util/InfoLog.h" />
		<Unit filename="GRT/Util/LUDecomposition.cpp" />
		<Unit filename="GRT/Util/LUDecomposition.h" />
		<Unit filename="GRT/Util/Log.h" />
		<Unit filename="GRT/Util/Matrix.h" />
		<Unit filename="GRT/Util/MatrixDouble.cpp" />
		<Unit filename="GRT/Util/MatrixDouble.h" />
		<Unit filename="GRT/Util/MinMax.h" />
		<Unit filename="GRT/Util/Observer.h" />
		<Unit filename="GRT/Util/ObserverManager.h" />
		<Unit filename="GRT/Util/PeakDetection.cpp" />
		<Unit filename="GRT/Util/PeakDetection.h" />
		<Unit filename="GRT/Util/Random.h" />
		<Unit filename="GRT/Util/RangeTracker.cpp" />
		<Unit filename="GRT/Util/RangeTracker.h" />
		<Unit filename="GRT/Util/SVD.cpp" />
		<Unit filename="GRT/Util/SVD.h" />
		<Unit filename="GRT/Util/TestInstanceResult.h" />
		<Unit filename="GRT/Util/TestResult.h" />
		<Unit filename="GRT/Util/TestingLog.cpp" />
		<Unit filename="GRT/Util/TestingLog.h" />
		<Unit filename="GRT/Util/ThreadPool.cpp" />
		<Unit filename="GRT/Util/ThreadPool.h" />
		<Unit filename="GRT/Util/ThresholdCrossingDetector.cpp" />
		<Unit filename="GRT/Util/ThresholdCrossingDetector.h" />
		<Unit filename="GRT/Util/TimeSeriesClassificationSampleTrimmer.cpp" />
		<Unit filename="GRT/Util/TimeSeriesClassificationSampleTrimmer.h" />
		<Unit filename="GRT/Util/TimeStamp.h" />
		<Unit filename="GRT/Util/Timer.h" />
		<Unit filename="GRT/Util/TrainingDataRecordingTimer.cpp" />
		<Unit filename="GRT/Util/TrainingDataRecordingTimer.h" />
		<Unit filename="GRT/Util/TrainingLog.cpp" />
		<Unit filename="GRT/Util/TrainingLog.h" />
		<Unit filename="GRT/Util/TrainingResult.h" />
		<Unit filename="GRT/Util/Util.cpp" />
		<Unit filename="GRT/Util/Util.h" />
		<Unit filename="GRT/Util/WarningLog.cpp" />
		<Unit filename="GRT/Util/WarningLog.h" />
		<Unit filename="GRT/grt_wrap.cxx" />
		<Unit filename="dtwexample.cpp" />
		<Extensions>
			<code_completion />
			<envvars />
			<debugger />
			<lib_finder disable_auto="1" />
		</Extensions>
	</Project>
</CodeBlocks_project_file>
